
Microsoft Visual Studio Solution File, Format Version 12.00
# Visual Studio Version 17
VisualStudioVersion = 17.8.34330.188
MinimumVisualStudioVersion = 10.0.40219.1
Project("{2150E333-8FDC-42A3-9474-1A3956D46DE8}") = "docs", "docs", "{FF6199A6-22CF-4C13-AF70-BD93C8B94225}"
	ProjectSection(SolutionItems) = preProject
		readme.md = readme.md
	EndProjectSection
EndProject
Project("{2150E333-8FDC-42A3-9474-1A3956D46DE8}") = "src", "src", "{0389B5F4-9E48-45E8-A058-449C7604F556}"
EndProject
Project("{2150E333-8FDC-42A3-9474-1A3956D46DE8}") = "tests", "tests", "{9374AE8F-7058-4DDE-B826-FFEB995A0F9C}"
EndProject
Project("{2150E333-8FDC-42A3-9474-1A3956D46DE8}") = "Unit", "Unit", "{3FCFE213-62B1-4BD1-8C6C-9F50499B7AE6}"
EndProject
Project("{FAE04EC0-301F-11D3-BF4B-00C04F79EFBC}") = "DomainTests", "DomainTests\DomainTests.csproj", "{3CFE00F6-55D8-4851-A5A4-04849742AB18}"
EndProject
Project("{2150E333-8FDC-42A3-9474-1A3956D46DE8}") = "Api", "Api", "{3AA8D1FF-6B7C-4397-956B-DD6009D58A31}"
EndProject
Project("{2150E333-8FDC-42A3-9474-1A3956D46DE8}") = "Core", "Core", "{727560C8-AEA4-4806-9C30-263DBD9574A9}"
EndProject
Project("{2150E333-8FDC-42A3-9474-1A3956D46DE8}") = "Infra", "Infra", "{71DEDEE6-ADC5-4938-AE23-7A4F2BA0448D}"
EndProject
Project("{2150E333-8FDC-42A3-9474-1A3956D46DE8}") = "Application", "Application", "{478886D0-A730-4F27-B6CF-F0FECEACA209}"
EndProject
Project("{2150E333-8FDC-42A3-9474-1A3956D46DE8}") = "Domain", "Domain", "{953C7FBB-CA9F-46C5-BD6D-84F41552F9A0}"
EndProject
Project("{FAE04EC0-301F-11D3-BF4B-00C04F79EFBC}") = "JiraFake.Domain", "JiraFake.Domain\JiraFake.Domain.csproj", "{52DC7885-3959-4CBC-A92F-F5827842212A}"
EndProject
Project("{FAE04EC0-301F-11D3-BF4B-00C04F79EFBC}") = "JiraFake.Application", "JiraFake.Application\JiraFake.Application.csproj", "{E12C6560-B4C2-45CD-9615-5B4097C90FE5}"
EndProject
Project("{2150E333-8FDC-42A3-9474-1A3956D46DE8}") = "Data", "Data", "{9D81FECD-C6A3-43D1-960B-BB47BE417686}"
EndProject
Project("{FAE04EC0-301F-11D3-BF4B-00C04F79EFBC}") = "JiraFake.Data", "JiraFake.Data\JiraFake.Data.csproj", "{20B70434-AB87-4DD4-9971-1B4C87851CB9}"
EndProject
Project("{FAE04EC0-301F-11D3-BF4B-00C04F79EFBC}") = "JiraFake.Api", "JiraFake.Api\JiraFake.Api.csproj", "{FEDDE565-7239-4E3E-B501-7205F8B6A74C}"
EndProject
Global
	GlobalSection(SolutionConfigurationPlatforms) = preSolution
		Debug|Any CPU = Debug|Any CPU
		Release|Any CPU = Release|Any CPU
	EndGlobalSection
	GlobalSection(ProjectConfigurationPlatforms) = postSolution
		{3CFE00F6-55D8-4851-A5A4-04849742AB18}.Debug|Any CPU.ActiveCfg = Debug|Any CPU
		{3CFE00F6-55D8-4851-A5A4-04849742AB18}.Debug|Any CPU.Build.0 = Debug|Any CPU
		{3CFE00F6-55D8-4851-A5A4-04849742AB18}.Release|Any CPU.ActiveCfg = Release|Any CPU
		{3CFE00F6-55D8-4851-A5A4-04849742AB18}.Release|Any CPU.Build.0 = Release|Any CPU
		{52DC7885-3959-4CBC-A92F-F5827842212A}.Debug|Any CPU.ActiveCfg = Debug|Any CPU
		{52DC7885-3959-4CBC-A92F-F5827842212A}.Debug|Any CPU.Build.0 = Debug|Any CPU
		{52DC7885-3959-4CBC-A92F-F5827842212A}.Release|Any CPU.ActiveCfg = Release|Any CPU
		{52DC7885-3959-4CBC-A92F-F5827842212A}.Release|Any CPU.Build.0 = Release|Any CPU
		{E12C6560-B4C2-45CD-9615-5B4097C90FE5}.Debug|Any CPU.ActiveCfg = Debug|Any CPU
		{E12C6560-B4C2-45CD-9615-5B4097C90FE5}.Debug|Any CPU.Build.0 = Debug|Any CPU
		{E12C6560-B4C2-45CD-9615-5B4097C90FE5}.Release|Any CPU.ActiveCfg = Release|Any CPU
		{E12C6560-B4C2-45CD-9615-5B4097C90FE5}.Release|Any CPU.Build.0 = Release|Any CPU
		{20B70434-AB87-4DD4-9971-1B4C87851CB9}.Debug|Any CPU.ActiveCfg = Debug|Any CPU
		{20B70434-AB87-4DD4-9971-1B4C87851CB9}.Debug|Any CPU.Build.0 = Debug|Any CPU
		{20B70434-AB87-4DD4-9971-1B4C87851CB9}.Release|Any CPU.ActiveCfg = Release|Any CPU
		{20B70434-AB87-4DD4-9971-1B4C87851CB9}.Release|Any CPU.Build.0 = Release|Any CPU
		{FEDDE565-7239-4E3E-B501-7205F8B6A74C}.Debug|Any CPU.ActiveCfg = Debug|Any CPU
		{FEDDE565-7239-4E3E-B501-7205F8B6A74C}.Debug|Any CPU.Build.0 = Debug|Any CPU
		{FEDDE565-7239-4E3E-B501-7205F8B6A74C}.Release|Any CPU.ActiveCfg = Release|Any CPU
		{FEDDE565-7239-4E3E-B501-7205F8B6A74C}.Release|Any CPU.Build.0 = Release|Any CPU
	EndGlobalSection
	GlobalSection(SolutionProperties) = preSolution
		HideSolutionNode = FALSE
	EndGlobalSection
	GlobalSection(NestedProjects) = preSolution
		{3FCFE213-62B1-4BD1-8C6C-9F50499B7AE6} = {9374AE8F-7058-4DDE-B826-FFEB995A0F9C}
		{3CFE00F6-55D8-4851-A5A4-04849742AB18} = {3FCFE213-62B1-4BD1-8C6C-9F50499B7AE6}
		{3AA8D1FF-6B7C-4397-956B-DD6009D58A31} = {0389B5F4-9E48-45E8-A058-449C7604F556}
		{727560C8-AEA4-4806-9C30-263DBD9574A9} = {0389B5F4-9E48-45E8-A058-449C7604F556}
		{71DEDEE6-ADC5-4938-AE23-7A4F2BA0448D} = {0389B5F4-9E48-45E8-A058-449C7604F556}
		{478886D0-A730-4F27-B6CF-F0FECEACA209} = {727560C8-AEA4-4806-9C30-263DBD9574A9}
		{953C7FBB-CA9F-46C5-BD6D-84F41552F9A0} = {727560C8-AEA4-4806-9C30-263DBD9574A9}
		{52DC7885-3959-4CBC-A92F-F5827842212A} = {953C7FBB-CA9F-46C5-BD6D-84F41552F9A0}
		{E12C6560-B4C2-45CD-9615-5B4097C90FE5} = {478886D0-A730-4F27-B6CF-F0FECEACA209}
		{9D81FECD-C6A3-43D1-960B-BB47BE417686} = {71DEDEE6-ADC5-4938-AE23-7A4F2BA0448D}
		{20B70434-AB87-4DD4-9971-1B4C87851CB9} = {9D81FECD-C6A3-43D1-960B-BB47BE417686}
		{FEDDE565-7239-4E3E-B501-7205F8B6A74C} = {3AA8D1FF-6B7C-4397-956B-DD6009D58A31}
	EndGlobalSection
	GlobalSection(ExtensibilityGlobals) = postSolution
		SolutionGuid = {DFDE2DF0-9120-41B5-929F-431DDCADF724}
	EndGlobalSection
EndGlobal
